
Microsoft Visual Studio Solution File, Format Version 12.00
# Visual Studio Version 16
VisualStudioVersion = 16.0.30128.74
MinimumVisualStudioVersion = 10.0.40219.1
Project("{FAE04EC0-301F-11D3-BF4B-00C04F79EFBC}") = "PottyLogger.Android", "PottyLogger.Android\PottyLogger.Android.csproj", "{F6989DA2-C4E8-4F2A-93FE-C4AF83AD5C48}"
EndProject
Project("{D954291E-2A0B-460D-934E-DC6B0785DB48}") = "PottyLogger.Shared", "PottyLogger.Shared\PottyLogger.Shared.shproj", "{703F5962-F441-461D-9CD9-DD46F4BFDE63}"
EndProject
Global
	GlobalSection(SharedMSBuildProjectFiles) = preSolution
		PottyLogger.Shared\PottyLogger.Shared.projitems*{703f5962-f441-461d-9cd9-dd46f4bfde63}*SharedItemsImports = 13
	EndGlobalSection
	GlobalSection(SolutionConfigurationPlatforms) = preSolution
		Debug|Any CPU = Debug|Any CPU
		Release|Any CPU = Release|Any CPU
	EndGlobalSection
	GlobalSection(ProjectConfigurationPlatforms) = postSolution
		{F6989DA2-C4E8-4F2A-93FE-C4AF83AD5C48}.Debug|Any CPU.ActiveCfg = Debug|Any CPU
		{F6989DA2-C4E8-4F2A-93FE-C4AF83AD5C48}.Debug|Any CPU.Build.0 = Debug|Any CPU
		{F6989DA2-C4E8-4F2A-93FE-C4AF83AD5C48}.Debug|Any CPU.Deploy.0 = Debug|Any CPU
		{F6989DA2-C4E8-4F2A-93FE-C4AF83AD5C48}.Release|Any CPU.ActiveCfg = Release|Any CPU
		{F6989DA2-C4E8-4F2A-93FE-C4AF83AD5C48}.Release|Any CPU.Build.0 = Release|Any CPU
		{F6989DA2-C4E8-4F2A-93FE-C4AF83AD5C48}.Release|Any CPU.Deploy.0 = Release|Any CPU
	EndGlobalSection
	GlobalSection(SolutionProperties) = preSolution
		HideSolutionNode = FALSE
	EndGlobalSection
	GlobalSection(ExtensibilityGlobals) = postSolution
		SolutionGuid = {497D714A-6BB2-48FF-9AE3-D71464F867EC}
	EndGlobalSection
EndGlobal
